
Microsoft Visual Studio Solution File, Format Version 12.00
# Visual Studio Version 16
VisualStudioVersion = 16.0.30320.27
MinimumVisualStudioVersion = 10.0.40219.1
Project("{FAE04EC0-301F-11D3-BF4B-00C04F79EFBC}") = "serti.babel.app", "serti.babel.app\serti.babel.app.csproj", "{9EA95221-F1E4-45AF-9513-6BE2E15F668A}"
EndProject
Project("{FAE04EC0-301F-11D3-BF4B-00C04F79EFBC}") = "serti.babel.data", "serti.babel.data\serti.babel.data.csproj", "{3F4E009A-533B-41AD-894F-7AE836DB86A2}"
EndProject
Global
	GlobalSection(SolutionConfigurationPlatforms) = preSolution
		Debug|Any CPU = Debug|Any CPU
		Release|Any CPU = Release|Any CPU
	EndGlobalSection
	GlobalSection(ProjectConfigurationPlatforms) = postSolution
		{9EA95221-F1E4-45AF-9513-6BE2E15F668A}.Debug|Any CPU.ActiveCfg = Debug|Any CPU
		{9EA95221-F1E4-45AF-9513-6BE2E15F668A}.Debug|Any CPU.Build.0 = Debug|Any CPU
		{9EA95221-F1E4-45AF-9513-6BE2E15F668A}.Release|Any CPU.ActiveCfg = Release|Any CPU
		{9EA95221-F1E4-45AF-9513-6BE2E15F668A}.Release|Any CPU.Build.0 = Release|Any CPU
		{3F4E009A-533B-41AD-894F-7AE836DB86A2}.Debug|Any CPU.ActiveCfg = Debug|Any CPU
		{3F4E009A-533B-41AD-894F-7AE836DB86A2}.Debug|Any CPU.Build.0 = Debug|Any CPU
		{3F4E009A-533B-41AD-894F-7AE836DB86A2}.Release|Any CPU.ActiveCfg = Release|Any CPU
		{3F4E009A-533B-41AD-894F-7AE836DB86A2}.Release|Any CPU.Build.0 = Release|Any CPU
	EndGlobalSection
	GlobalSection(SolutionProperties) = preSolution
		HideSolutionNode = FALSE
	EndGlobalSection
	GlobalSection(ExtensibilityGlobals) = postSolution
		SolutionGuid = {4D120396-B7DC-4D6A-8E20-2068F4724691}
	EndGlobalSection
EndGlobal
